
Microsoft Visual Studio Solution File, Format Version 12.00
# Visual Studio Version 17
VisualStudioVersion = 17.7.34024.191
MinimumVisualStudioVersion = 10.0.40219.1
Project("{FAE04EC0-301F-11D3-BF4B-00C04F79EFBC}") = "QLGD", "QLGD\QLGD.csproj", "{8BC24B42-4B1D-4E24-AD85-A129E83D4C73}"
EndProject
Global
	GlobalSection(SolutionConfigurationPlatforms) = preSolution
		Debug|Any CPU = Debug|Any CPU
		Release|Any CPU = Release|Any CPU
	EndGlobalSection
	GlobalSection(ProjectConfigurationPlatforms) = postSolution
		{8BC24B42-4B1D-4E24-AD85-A129E83D4C73}.Debug|Any CPU.ActiveCfg = Debug|Any CPU
		{8BC24B42-4B1D-4E24-AD85-A129E83D4C73}.Debug|Any CPU.Build.0 = Debug|Any CPU
		{8BC24B42-4B1D-4E24-AD85-A129E83D4C73}.Release|Any CPU.ActiveCfg = Release|Any CPU
		{8BC24B42-4B1D-4E24-AD85-A129E83D4C73}.Release|Any CPU.Build.0 = Release|Any CPU
	EndGlobalSection
	GlobalSection(SolutionProperties) = preSolution
		HideSolutionNode = FALSE
	EndGlobalSection
	GlobalSection(ExtensibilityGlobals) = postSolution
		SolutionGuid = {F9A3431D-93D7-4730-BD9E-41523329D299}
	EndGlobalSection
EndGlobal
